
Microsoft Visual Studio Solution File, Format Version 12.00
# Visual Studio Version 16
VisualStudioVersion = 16.0.810.22
MinimumVisualStudioVersion = 10.0.40219.1
Project("{FAE04EC0-301F-11D3-BF4B-00C04F79EFBC}") = "asdfg", "asdfg\asdfg.csproj", "{AED6CB46-202A-429A-B6B0-C25B70724177}"
EndProject
Global
	GlobalSection(SolutionConfigurationPlatforms) = preSolution
		Debug|anycpu = Debug|anycpu
		Release|anycpu = Release|anycpu
	EndGlobalSection
	GlobalSection(ProjectConfigurationPlatforms) = postSolution
		{AED6CB46-202A-429A-B6B0-C25B70724177}.Debug|anycpu.ActiveCfg = Debug|anycpu
		{AED6CB46-202A-429A-B6B0-C25B70724177}.Debug|anycpu.Build.0 = Debug|anycpu
		{AED6CB46-202A-429A-B6B0-C25B70724177}.Release|anycpu.ActiveCfg = Release|anycpu
		{AED6CB46-202A-429A-B6B0-C25B70724177}.Release|anycpu.Build.0 = Release|anycpu
	EndGlobalSection
	GlobalSection(SolutionProperties) = preSolution
		HideSolutionNode = FALSE
	EndGlobalSection
	GlobalSection(ExtensibilityGlobals) = postSolution
		SolutionGuid = {A2A61CAA-B9CE-487B-BA21-A54F8F188CA3}
	EndGlobalSection
EndGlobal
ecce
